// !$*UTF8*$!
{
	archiveVersion = 1;
	classes = {
	};
	objectVersion = 46;
	objects = {

/* Begin PBXBuildFile section */
		04D91EF91C3D616900071DFB /* AppDelegate.swift in Sources */ = {isa = PBXBuildFile; fileRef = 04D91EF81C3D616900071DFB /* AppDelegate.swift */; };
		04D91EFB1C3D616900071DFB /* ViewController.swift in Sources */ = {isa = PBXBuildFile; fileRef = 04D91EFA1C3D616900071DFB /* ViewController.swift */; };
		04D91EFE1C3D616900071DFB /* Main.storyboard in Resources */ = {isa = PBXBuildFile; fileRef = 04D91EFC1C3D616900071DFB /* Main.storyboard */; };
		04D91F001C3D616900071DFB /* Assets.xcassets in Resources */ = {isa = PBXBuildFile; fileRef = 04D91EFF1C3D616900071DFB /* Assets.xcassets */; };
		04D91F031C3D616900071DFB /* LaunchScreen.storyboard in Resources */ = {isa = PBXBuildFile; fileRef = 04D91F011C3D616900071DFB /* LaunchScreen.storyboard */; };
		04D91F0E1C3D616900071DFB /* AboutMeAppTests.swift in Sources */ = {isa = PBXBuildFile; fileRef = 04D91F0D1C3D616900071DFB /* AboutMeAppTests.swift */; };
		04D91F191C3D616900071DFB /* AboutMeAppUITests.swift in Sources */ = {isa = PBXBuildFile; fileRef = 04D91F181C3D616900071DFB /* AboutMeAppUITests.swift */; };
		04D91F2A1C3D663F00071DFB /* FoodViewController.swift in Sources */ = {isa = PBXBuildFile; fileRef = 04D91F291C3D663F00071DFB /* FoodViewController.swift */; };
		04D91F2C1C3D66A700071DFB /* MusicViewController.swift in Sources */ = {isa = PBXBuildFile; fileRef = 04D91F2B1C3D66A700071DFB /* MusicViewController.swift */; };
		04D91F2E1C3D670500071DFB /* SportsViewController.swift in Sources */ = {isa = PBXBuildFile; fileRef = 04D91F2D1C3D670500071DFB /* SportsViewController.swift */; };
		04D91F301C3D673A00071DFB /* FamilyViewController.swift in Sources */ = {isa = PBXBuildFile; fileRef = 04D91F2F1C3D673A00071DFB /* FamilyViewController.swift */; };
		04D91F321C3D675B00071DFB /* TechnologyViewController.swift in Sources */ = {isa = PBXBuildFile; fileRef = 04D91F311C3D675B00071DFB /* TechnologyViewController.swift */; };
/* End PBXBuildFile section */

/* Begin PBXContainerItemProxy section */
		04D91F0A1C3D616900071DFB /* PBXContainerItemProxy */ = {
			isa = PBXContainerItemProxy;
			containerPortal = 04D91EED1C3D616900071DFB /* Project object */;
			proxyType = 1;
			remoteGlobalIDString = 04D91EF41C3D616900071DFB;
			remoteInfo = AboutMeApp;
		};
		04D91F151C3D616900071DFB /* PBXContainerItemProxy */ = {
			isa = PBXContainerItemProxy;
			containerPortal = 04D91EED1C3D616900071DFB /* Project object */;
			proxyType = 1;
			remoteGlobalIDString = 04D91EF41C3D616900071DFB;
			remoteInfo = AboutMeApp;
		};
/* End PBXContainerItemProxy section */

/* Begin PBXFileReference section */
		04D91EF51C3D616900071DFB /* AboutMeApp.app */ = {isa = PBXFileReference; explicitFileType = wrapper.application; includeInIndex = 0; path = AboutMeApp.app; sourceTree = BUILT_PRODUCTS_DIR; };
		04D91EF81C3D616900071DFB /* AppDelegate.swift */ = {isa = PBXFileReference; lastKnownFileType = sourcecode.swift; path = AppDelegate.swift; sourceTree = "<group>"; };
		04D91EFA1C3D616900071DFB /* ViewController.swift */ = {isa = PBXFileReference; lastKnownFileType = sourcecode.swift; path = ViewController.swift; sourceTree = "<group>"; };
		04D91EFD1C3D616900071DFB /* Base */ = {isa = PBXFileReference; lastKnownFileType = file.storyboard; name = Base; path = Base.lproj/Main.storyboard; sourceTree = "<group>"; };
		04D91EFF1C3D616900071DFB /* Assets.xcassets */ = {isa = PBXFileReference; lastKnownFileType = folder.assetcatalog; path = Assets.xcassets; sourceTree = "<group>"; };
		04D91F021C3D616900071DFB /* Base */ = {isa = PBXFileReference; lastKnownFileType = file.storyboard; name = Base; path = Base.lproj/LaunchScreen.storyboard; sourceTree = "<group>"; };
		04D91F041C3D616900071DFB /* Info.plist */ = {isa = PBXFileReference; lastKnownFileType = text.plist.xml; path = Info.plist; sourceTree = "<group>"; };
		04D91F091C3D616900071DFB /* AboutMeAppTests.xctest */ = {isa = PBXFileReference; explicitFileType = wrapper.cfbundle; includeInIndex = 0; path = AboutMeAppTests.xctest; sourceTree = BUILT_PRODUCTS_DIR; };
		04D91F0D1C3D616900071DFB /* AboutMeAppTests.swift */ = {isa = PBXFileReference; lastKnownFileType = sourcecode.swift; path = AboutMeAppTests.swift; sourceTree = "<group>"; };
		04D91F0F1C3D616900071DFB /* Info.plist */ = {isa = PBXFileReference; lastKnownFileType = text.plist.xml; path = Info.plist; sourceTree = "<group>"; };
		04D91F141C3D616900071DFB /* AboutMeAppUITests.xctest */ = {isa = PBXFileReference; explicitFileType = wrapper.cfbundle; includeInIndex = 0; path = AboutMeAppUITests.xctest; sourceTree = BUILT_PRODUCTS_DIR; };
		04D91F181C3D616900071DFB /* AboutMeAppUITests.swift */ = {isa = PBXFileReference; lastKnownFileType = sourcecode.swift; path = AboutMeAppUITests.swift; sourceTree = "<group>"; };
		04D91F1A1C3D616900071DFB /* Info.plist */ = {isa = PBXFileReference; lastKnownFileType = text.plist.xml; path = Info.plist; sourceTree = "<group>"; };
		04D91F291C3D663F00071DFB /* FoodViewController.swift */ = {isa = PBXFileReference; fileEncoding = 4; lastKnownFileType = sourcecode.swift; path = FoodViewController.swift; sourceTree = "<group>"; };
		04D91F2B1C3D66A700071DFB /* MusicViewController.swift */ = {isa = PBXFileReference; fileEncoding = 4; lastKnownFileType = sourcecode.swift; path = MusicViewController.swift; sourceTree = "<group>"; };
		04D91F2D1C3D670500071DFB /* SportsViewController.swift */ = {isa = PBXFileReference; fileEncoding = 4; lastKnownFileType = sourcecode.swift; path = SportsViewController.swift; sourceTree = "<group>"; };
		04D91F2F1C3D673A00071DFB /* FamilyViewController.swift */ = {isa = PBXFileReference; fileEncoding = 4; lastKnownFileType = sourcecode.swift; path = FamilyViewController.swift; sourceTree = "<group>"; };
		04D91F311C3D675B00071DFB /* TechnologyViewController.swift */ = {isa = PBXFileReference; fileEncoding = 4; lastKnownFileType = sourcecode.swift; path = TechnologyViewController.swift; sourceTree = "<group>"; };
/* End PBXFileReference section */

/* Begin PBXFrameworksBuildPhase section */
		04D91EF21C3D616900071DFB /* Frameworks */ = {
			isa = PBXFrameworksBuildPhase;
			buildActionMask = 2147483647;
			files = (
			);
			runOnlyForDeploymentPostprocessing = 0;
		};
		04D91F061C3D616900071DFB /* Frameworks */ = {
			isa = PBXFrameworksBuildPhase;
			buildActionMask = 2147483647;
			files = (
			);
			runOnlyForDeploymentPostprocessing = 0;
		};
		04D91F111C3D616900071DFB /* Frameworks */ = {
			isa = PBXFrameworksBuildPhase;
			buildActionMask = 2147483647;
			files = (
			);
			runOnlyForDeploymentPostprocessing = 0;
		};
/* End PBXFrameworksBuildPhase section */

/* Begin PBXGroup section */
		04D91EEC1C3D616900071DFB = {
			isa = PBXGroup;
			children = (
				04D91EF71C3D616900071DFB /* AboutMeApp */,
				04D91F0C1C3D616900071DFB /* AboutMeAppTests */,
				04D91F171C3D616900071DFB /* AboutMeAppUITests */,
				04D91EF61C3D616900071DFB /* Products */,
			);
			sourceTree = "<group>";
		};
		04D91EF61C3D616900071DFB /* Products */ = {
			isa = PBXGroup;
			children = (
				04D91EF51C3D616900071DFB /* AboutMeApp.app */,
				04D91F091C3D616900071DFB /* AboutMeAppTests.xctest */,
				04D91F141C3D616900071DFB /* AboutMeAppUITests.xctest */,
			);
			name = Products;
			sourceTree = "<group>";
		};
		04D91EF71C3D616900071DFB /* AboutMeApp */ = {
			isa = PBXGroup;
			children = (
				04D91F261C3D659A00071DFB /* Controller */,
				04D91EFC1C3D616900071DFB /* Main.storyboard */,
				04D91EFF1C3D616900071DFB /* Assets.xcassets */,
				04D91F011C3D616900071DFB /* LaunchScreen.storyboard */,
				04D91F041C3D616900071DFB /* Info.plist */,
			);
			path = AboutMeApp;
			sourceTree = "<group>";
		};
		04D91F0C1C3D616900071DFB /* AboutMeAppTests */ = {
			isa = PBXGroup;
			children = (
				04D91F0D1C3D616900071DFB /* AboutMeAppTests.swift */,
				04D91F0F1C3D616900071DFB /* Info.plist */,
			);
			path = AboutMeAppTests;
			sourceTree = "<group>";
		};
		04D91F171C3D616900071DFB /* AboutMeAppUITests */ = {
			isa = PBXGroup;
			children = (
				04D91F181C3D616900071DFB /* AboutMeAppUITests.swift */,
				04D91F1A1C3D616900071DFB /* Info.plist */,
			);
			path = AboutMeAppUITests;
			sourceTree = "<group>";
		};
		04D91F261C3D659A00071DFB /* Controller */ = {
			isa = PBXGroup;
			children = (
				04D91EFA1C3D616900071DFB /* ViewController.swift */,
				04D91EF81C3D616900071DFB /* AppDelegate.swift */,
				04D91F291C3D663F00071DFB /* FoodViewController.swift */,
				04D91F2B1C3D66A700071DFB /* MusicViewController.swift */,
				04D91F2D1C3D670500071DFB /* SportsViewController.swift */,
				04D91F2F1C3D673A00071DFB /* FamilyViewController.swift */,
				04D91F311C3D675B00071DFB /* TechnologyViewController.swift */,
			);
			name = Controller;
			sourceTree = "<group>";
		};
/* End PBXGroup section */

/* Begin PBXNativeTarget section */
		04D91EF41C3D616900071DFB /* AboutMeApp */ = {
			isa = PBXNativeTarget;
			buildConfigurationList = 04D91F1D1C3D616900071DFB /* Build configuration list for PBXNativeTarget "AboutMeApp" */;
			buildPhases = (
				04D91EF11C3D616900071DFB /* Sources */,
				04D91EF21C3D616900071DFB /* Frameworks */,
				04D91EF31C3D616900071DFB /* Resources */,
			);
			buildRules = (
			);
			dependencies = (
			);
			name = AboutMeApp;
			productName = AboutMeApp;
			productReference = 04D91EF51C3D616900071DFB /* AboutMeApp.app */;
			productType = "com.apple.product-type.application";
		};
		04D91F081C3D616900071DFB /* AboutMeAppTests */ = {
			isa = PBXNativeTarget;
			buildConfigurationList = 04D91F201C3D616900071DFB /* Build configuration list for PBXNativeTarget "AboutMeAppTests" */;
			buildPhases = (
				04D91F051C3D616900071DFB /* Sources */,
				04D91F061C3D616900071DFB /* Frameworks */,
				04D91F071C3D616900071DFB /* Resources */,
			);
			buildRules = (
			);
			dependencies = (
				04D91F0B1C3D616900071DFB /* PBXTargetDependency */,
			);
			name = AboutMeAppTests;
			productName = AboutMeAppTests;
			productReference = 04D91F091C3D616900071DFB /* AboutMeAppTests.xctest */;
			productType = "com.apple.product-type.bundle.unit-test";
		};
		04D91F131C3D616900071DFB /* AboutMeAppUITests */ = {
			isa = PBXNativeTarget;
			buildConfigurationList = 04D91F231C3D616900071DFB /* Build configuration list for PBXNativeTarget "AboutMeAppUITests" */;
			buildPhases = (
				04D91F101C3D616900071DFB /* Sources */,
				04D91F111C3D616900071DFB /* Frameworks */,
				04D91F121C3D616900071DFB /* Resources */,
			);
			buildRules = (
			);
			dependencies = (
				04D91F161C3D616900071DFB /* PBXTargetDependency */,
			);
			name = AboutMeAppUITests;
			productName = AboutMeAppUITests;
			productReference = 04D91F141C3D616900071DFB /* AboutMeAppUITests.xctest */;
			productType = "com.apple.product-type.bundle.ui-testing";
		};
/* End PBXNativeTarget section */

/* Begin PBXProject section */
		04D91EED1C3D616900071DFB /* Project object */ = {
			isa = PBXProject;
			attributes = {
				LastSwiftUpdateCheck = 0720;
				LastUpgradeCheck = 0720;
				ORGANIZATIONNAME = "Laro, Colm";
				TargetAttributes = {
					04D91EF41C3D616900071DFB = {
						CreatedOnToolsVersion = 7.2;
					};
					04D91F081C3D616900071DFB = {
						CreatedOnToolsVersion = 7.2;
						TestTargetID = 04D91EF41C3D616900071DFB;
					};
					04D91F131C3D616900071DFB = {
						CreatedOnToolsVersion = 7.2;
						TestTargetID = 04D91EF41C3D616900071DFB;
					};
				};
			};
			buildConfigurationList = 04D91EF01C3D616900071DFB /* Build configuration list for PBXProject "AboutMeApp" */;
			compatibilityVersion = "Xcode 3.2";
			developmentRegion = English;
			hasScannedForEncodings = 0;
			knownRegions = (
				en,
				Base,
			);
			mainGroup = 04D91EEC1C3D616900071DFB;
			productRefGroup = 04D91EF61C3D616900071DFB /* Products */;
			projectDirPath = "";
			projectRoot = "";
			targets = (
				04D91EF41C3D616900071DFB /* AboutMeApp */,
				04D91F081C3D616900071DFB /* AboutMeAppTests */,
				04D91F131C3D616900071DFB /* AboutMeAppUITests */,
			);
		};
/* End PBXProject section */

/* Begin PBXResourcesBuildPhase section */
		04D91EF31C3D616900071DFB /* Resources */ = {
			isa = PBXResourcesBuildPhase;
			buildActionMask = 2147483647;
			files = (
				04D91F031C3D616900071DFB /* LaunchScreen.storyboard in Resources */,
				04D91F001C3D616900071DFB /* Assets.xcassets in Resources */,
				04D91EFE1C3D616900071DFB /* Main.storyboard in Resources */,
			);
			runOnlyForDeploymentPostprocessing = 0;
		};
		04D91F071C3D616900071DFB /* Resources */ = {
			isa = PBXResourcesBuildPhase;
			buildActionMask = 2147483647;
			files = (
			);
			runOnlyForDeploymentPostprocessing = 0;
		};
		04D91F121C3D616900071DFB /* Resources */ = {
			isa = PBXResourcesBuildPhase;
			buildActionMask = 2147483647;
			files = (
			);
			runOnlyForDeploymentPostprocessing = 0;
		};
/* End PBXResourcesBuildPhase section */

/* Begin PBXSourcesBuildPhase section */
		04D91EF11C3D616900071DFB /* Sources */ = {
			isa = PBXSourcesBuildPhase;
			buildActionMask = 2147483647;
			files = (
				04D91F301C3D673A00071DFB /* FamilyViewController.swift in Sources */,
				04D91F2C1C3D66A700071DFB /* MusicViewController.swift in Sources */,
				04D91EFB1C3D616900071DFB /* ViewController.swift in Sources */,
				04D91F2E1C3D670500071DFB /* SportsViewController.swift in Sources */,
				04D91F2A1C3D663F00071DFB /* FoodViewController.swift in Sources */,
				04D91EF91C3D616900071DFB /* AppDelegate.swift in Sources */,
				04D91F321C3D675B00071DFB /* TechnologyViewController.swift in Sources */,
			);
			runOnlyForDeploymentPostprocessing = 0;
		};
		04D91F051C3D616900071DFB /* Sources */ = {
			isa = PBXSourcesBuildPhase;
			buildActionMask = 2147483647;
			files = (
				04D91F0E1C3D616900071DFB /* AboutMeAppTests.swift in Sources */,
			);
			runOnlyForDeploymentPostprocessing = 0;
		};
		04D91F101C3D616900071DFB /* Sources */ = {
			isa = PBXSourcesBuildPhase;
			buildActionMask = 2147483647;
			files = (
				04D91F191C3D616900071DFB /* AboutMeAppUITests.swift in Sources */,
			);
			runOnlyForDeploymentPostprocessing = 0;
		};
/* End PBXSourcesBuildPhase section */

/* Begin PBXTargetDependency section */
		04D91F0B1C3D616900071DFB /* PBXTargetDependency */ = {
			isa = PBXTargetDependency;
			target = 04D91EF41C3D616900071DFB /* AboutMeApp */;
			targetProxy = 04D91F0A1C3D616900071DFB /* PBXContainerItemProxy */;
		};
		04D91F161C3D616900071DFB /* PBXTargetDependency */ = {
			isa = PBXTargetDependency;
			target = 04D91EF41C3D616900071DFB /* AboutMeApp */;
			targetProxy = 04D91F151C3D616900071DFB /* PBXContainerItemProxy */;
		};
/* End PBXTargetDependency section */

/* Begin PBXVariantGroup section */
		04D91EFC1C3D616900071DFB /* Main.storyboard */ = {
			isa = PBXVariantGroup;
			children = (
				04D91EFD1C3D616900071DFB /* Base */,
			);
			name = Main.storyboard;
			sourceTree = "<group>";
		};
		04D91F011C3D616900071DFB /* LaunchScreen.storyboard */ = {
			isa = PBXVariantGroup;
			children = (
				04D91F021C3D616900071DFB /* Base */,
			);
			name = LaunchScreen.storyboard;
			sourceTree = "<group>";
		};
/* End PBXVariantGroup section */

/* Begin XCBuildConfiguration section */
		04D91F1B1C3D616900071DFB /* Debug */ = {
			isa = XCBuildConfiguration;
			buildSettings = {
				ALWAYS_SEARCH_USER_PATHS = NO;
				CLANG_CXX_LANGUAGE_STANDARD = "gnu++0x";
				CLANG_CXX_LIBRARY = "libc++";
				CLANG_ENABLE_MODULES = YES;
				CLANG_ENABLE_OBJC_ARC = YES;
				CLANG_WARN_BOOL_CONVERSION = YES;
				CLANG_WARN_CONSTANT_CONVERSION = YES;
				CLANG_WARN_DIRECT_OBJC_ISA_USAGE = YES_ERROR;
				CLANG_WARN_EMPTY_BODY = YES;
				CLANG_WARN_ENUM_CONVERSION = YES;
				CLANG_WARN_INT_CONVERSION = YES;
				CLANG_WARN_OBJC_ROOT_CLASS = YES_ERROR;
				CLANG_WARN_UNREACHABLE_CODE = YES;
				CLANG_WARN__DUPLICATE_METHOD_MATCH = YES;
				"CODE_SIGN_IDENTITY[sdk=iphoneos*]" = "iPhone Developer";
				COPY_PHASE_STRIP = NO;
				DEBUG_INFORMATION_FORMAT = dwarf;
				ENABLE_STRICT_OBJC_MSGSEND = YES;
				ENABLE_TESTABILITY = YES;
				GCC_C_LANGUAGE_STANDARD = gnu99;
				GCC_DYNAMIC_NO_PIC = NO;
				GCC_NO_COMMON_BLOCKS = YES;
				GCC_OPTIMIZATION_LEVEL = 0;
				GCC_PREPROCESSOR_DEFINITIONS = (
					"DEBUG=1",
					"$(inherited)",
				);
				GCC_WARN_64_TO_32_BIT_CONVERSION = YES;
				GCC_WARN_ABOUT_RETURN_TYPE = YES_ERROR;
				GCC_WARN_UNDECLARED_SELECTOR = YES;
				GCC_WARN_UNINITIALIZED_AUTOS = YES_AGGRESSIVE;
				GCC_WARN_UNUSED_FUNCTION = YES;
				GCC_WARN_UNUSED_VARIABLE = YES;
				IPHONEOS_DEPLOYMENT_TARGET = 9.2;
				MTL_ENABLE_DEBUG_INFO = YES;
				ONLY_ACTIVE_ARCH = YES;
				SDKROOT = iphoneos;
				SWIFT_OPTIMIZATION_LEVEL = "-Onone";
				TARGETED_DEVICE_FAMILY = "1,2";
			};
			name = Debug;
		};
		04D91F1C1C3D616900071DFB /* Release */ = {
			isa = XCBuildConfiguration;
			buildSettings = {
				ALWAYS_SEARCH_USER_PATHS = NO;
				CLANG_CXX_LANGUAGE_STANDARD = "gnu++0x";
				CLANG_CXX_LIBRARY = "libc++";
				CLANG_ENABLE_MODULES = YES;
				CLANG_ENABLE_OBJC_ARC = YES;
				CLANG_WARN_BOOL_CONVERSION = YES;
				CLANG_WARN_CONSTANT_CONVERSION = YES;
				CLANG_WARN_DIRECT_OBJC_ISA_USAGE = YES_ERROR;
				CLANG_WARN_EMPTY_BODY = YES;
				CLANG_WARN_ENUM_CONVERSION = YES;
				CLANG_WARN_INT_CONVERSION = YES;
				CLANG_WARN_OBJC_ROOT_CLASS = YES_ERROR;
				CLANG_WARN_UNREACHABLE_CODE = YES;
				CLANG_WARN__DUPLICATE_METHOD_MATCH = YES;
				"CODE_SIGN_IDENTITY[sdk=iphoneos*]" = "iPhone Developer";
				COPY_PHASE_STRIP = NO;
				DEBUG_INFORMATION_FORMAT = "dwarf-with-dsym";
				ENABLE_NS_ASSERTIONS = NO;
				ENABLE_STRICT_OBJC_MSGSEND = YES;
				GCC_C_LANGUAGE_STANDARD = gnu99;
				GCC_NO_COMMON_BLOCKS = YES;
				GCC_WARN_64_TO_32_BIT_CONVERSION = YES;
				GCC_WARN_ABOUT_RETURN_TYPE = YES_ERROR;
				GCC_WARN_UNDECLARED_SELECTOR = YES;
				GCC_WARN_UNINITIALIZED_AUTOS = YES_AGGRESSIVE;
				GCC_WARN_UNUSED_FUNCTION = YES;
				GCC_WARN_UNUSED_VARIABLE = YES;
				IPHONEOS_DEPLOYMENT_TARGET = 9.2;
				MTL_ENABLE_DEBUG_INFO = NO;
				SDKROOT = iphoneos;
				TARGETED_DEVICE_FAMILY = "1,2";
				VALIDATE_PRODUCT = YES;
			};
			name = Release;
		};
		04D91F1E1C3D616900071DFB /* Debug */ = {
			isa = XCBuildConfiguration;
			buildSettings = {
				ASSETCATALOG_COMPILER_APPICON_NAME = AppIcon;
				INFOPLIST_FILE = AboutMeApp/Info.plist;
				LD_RUNPATH_SEARCH_PATHS = "$(inherited) @executable_path/Frameworks";
				PRODUCT_BUNDLE_IDENTIFIER = ctec.AboutMeApp;
				PRODUCT_NAME = "$(TARGET_NAME)";
			};
			name = Debug;
		};
		04D91F1F1C3D616900071DFB /* Release */ = {
			isa = XCBuildConfiguration;
			buildSettings = {
				ASSETCATALOG_COMPILER_APPICON_NAME = AppIcon;
				INFOPLIST_FILE = AboutMeApp/Info.plist;
				LD_RUNPATH_SEARCH_PATHS = "$(inherited) @executable_path/Frameworks";
				PRODUCT_BUNDLE_IDENTIFIER = ctec.AboutMeApp;
				PRODUCT_NAME = "$(TARGET_NAME)";
			};
			name = Release;
		};
		04D91F211C3D616900071DFB /* Debug */ = {
			isa = XCBuildConfiguration;
			buildSettings = {
				BUNDLE_LOADER = "$(TEST_HOST)";
				INFOPLIST_FILE = AboutMeAppTests/Info.plist;
				LD_RUNPATH_SEARCH_PATHS = "$(inherited) @executable_path/Frameworks @loader_path/Frameworks";
				PRODUCT_BUNDLE_IDENTIFIER = ctec.AboutMeAppTests;
				PRODUCT_NAME = "$(TARGET_NAME)";
				TEST_HOST = "$(BUILT_PRODUCTS_DIR)/AboutMeApp.app/AboutMeApp";
			};
			name = Debug;
		};
		04D91F221C3D616900071DFB /* Release */ = {
			isa = XCBuildConfiguration;
			buildSettings = {
				BUNDLE_LOADER = "$(TEST_HOST)";
				INFOPLIST_FILE = AboutMeAppTests/Info.plist;
				LD_RUNPATH_SEARCH_PATHS = "$(inherited) @executable_path/Frameworks @loader_path/Frameworks";
				PRODUCT_BUNDLE_IDENTIFIER = ctec.AboutMeAppTests;
				PRODUCT_NAME = "$(TARGET_NAME)";
				TEST_HOST = "$(BUILT_PRODUCTS_DIR)/AboutMeApp.app/AboutMeApp";
			};
			name = Release;
		};
		04D91F241C3D616900071DFB /* Debug */ = {
			isa = XCBuildConfiguration;
			buildSettings = {
				INFOPLIST_FILE = AboutMeAppUITests/Info.plist;
				LD_RUNPATH_SEARCH_PATHS = "$(inherited) @executable_path/Frameworks @loader_path/Frameworks";
				PRODUCT_BUNDLE_IDENTIFIER = ctec.AboutMeAppUITests;
				PRODUCT_NAME = "$(TARGET_NAME)";
				TEST_TARGET_NAME = AboutMeApp;
				USES_XCTRUNNER = YES;
			};
			name = Debug;
		};
		04D91F251C3D616900071DFB /* Release */ = {
			isa = XCBuildConfiguration;
			buildSettings = {
				INFOPLIST_FILE = AboutMeAppUITests/Info.plist;
				LD_RUNPATH_SEARCH_PATHS = "$(inherited) @executable_path/Frameworks @loader_path/Frameworks";
				PRODUCT_BUNDLE_IDENTIFIER = ctec.AboutMeAppUITests;
				PRODUCT_NAME = "$(TARGET_NAME)";
				TEST_TARGET_NAME = AboutMeApp;
				USES_XCTRUNNER = YES;
			};
			name = Release;
		};
/* End XCBuildConfiguration section */

/* Begin XCConfigurationList section */
		04D91EF01C3D616900071DFB /* Build configuration list for PBXProject "AboutMeApp" */ = {
			isa = XCConfigurationList;
			buildConfigurations = (
				04D91F1B1C3D616900071DFB /* Debug */,
				04D91F1C1C3D616900071DFB /* Release */,
			);
			defaultConfigurationIsVisible = 0;
			defaultConfigurationName = Release;
		};
		04D91F1D1C3D616900071DFB /* Build configuration list for PBXNativeTarget "AboutMeApp" */ = {
			isa = XCConfigurationList;
			buildConfigurations = (
				04D91F1E1C3D616900071DFB /* Debug */,
				04D91F1F1C3D616900071DFB /* Release */,
			);
			defaultConfigurationIsVisible = 0;
		};
		04D91F201C3D616900071DFB /* Build configuration list for PBXNativeTarget "AboutMeAppTests" */ = {
			isa = XCConfigurationList;
			buildConfigurations = (
				04D91F211C3D616900071DFB /* Debug */,
				04D91F221C3D616900071DFB /* Release */,
			);
			defaultConfigurationIsVisible = 0;
		};
		04D91F231C3D616900071DFB /* Build configuration list for PBXNativeTarget "AboutMeAppUITests" */ = {
			isa = XCConfigurationList;
			buildConfigurations = (
				04D91F241C3D616900071DFB /* Debug */,
				04D91F251C3D616900071DFB /* Release */,
			);
			defaultConfigurationIsVisible = 0;
		};
/* End XCConfigurationList section */
	};
	rootObject = 04D91EED1C3D616900071DFB /* Project object */;
}
